
Microsoft Visual Studio Solution File, Format Version 12.00
# Visual Studio Version 17
VisualStudioVersion = 17.7.34202.233
MinimumVisualStudioVersion = 10.0.40219.1
Project("{8BC9CEB8-8B4A-11D0-8D11-00A0C91BC942}") = "Demo", "Demo\Demo.vcxproj", "{0078EE3E-0DB0-42E9-9099-A69031DCD3CD}"
EndProject
Global
	GlobalSection(SolutionConfigurationPlatforms) = preSolution
		Debug|x64 = Debug|x64
		Release|x64 = Release|x64
	EndGlobalSection
	GlobalSection(ProjectConfigurationPlatforms) = postSolution
		{0078EE3E-0DB0-42E9-9099-A69031DCD3CD}.Debug|x64.ActiveCfg = Debug|x64
		{0078EE3E-0DB0-42E9-9099-A69031DCD3CD}.Debug|x64.Build.0 = Debug|x64
		{0078EE3E-0DB0-42E9-9099-A69031DCD3CD}.Release|x64.ActiveCfg = Release|x64
		{0078EE3E-0DB0-42E9-9099-A69031DCD3CD}.Release|x64.Build.0 = Release|x64
	EndGlobalSection
	GlobalSection(SolutionProperties) = preSolution
		HideSolutionNode = FALSE
	EndGlobalSection
	GlobalSection(ExtensibilityGlobals) = postSolution
		SolutionGuid = {9B343830-958A-4851-AA84-378268B068E3}
	EndGlobalSection
EndGlobal
